
Microsoft Visual Studio Solution File, Format Version 12.00
# Visual Studio Version 17
VisualStudioVersion = 17.7.34018.315
MinimumVisualStudioVersion = 10.0.40219.1
Project("{FAE04EC0-301F-11D3-BF4B-00C04F79EFBC}") = "C Uppgift 5.4", "C Uppgift 5.4\C Uppgift 5.4.csproj", "{DE955D3F-43CE-4150-A74B-7415AEADCFFA}"
EndProject
Global
	GlobalSection(SolutionConfigurationPlatforms) = preSolution
		Debug|Any CPU = Debug|Any CPU
		Release|Any CPU = Release|Any CPU
	EndGlobalSection
	GlobalSection(ProjectConfigurationPlatforms) = postSolution
		{DE955D3F-43CE-4150-A74B-7415AEADCFFA}.Debug|Any CPU.ActiveCfg = Debug|Any CPU
		{DE955D3F-43CE-4150-A74B-7415AEADCFFA}.Debug|Any CPU.Build.0 = Debug|Any CPU
		{DE955D3F-43CE-4150-A74B-7415AEADCFFA}.Release|Any CPU.ActiveCfg = Release|Any CPU
		{DE955D3F-43CE-4150-A74B-7415AEADCFFA}.Release|Any CPU.Build.0 = Release|Any CPU
	EndGlobalSection
	GlobalSection(SolutionProperties) = preSolution
		HideSolutionNode = FALSE
	EndGlobalSection
	GlobalSection(ExtensibilityGlobals) = postSolution
		SolutionGuid = {E7C49163-FA56-4307-9E3B-C88A6CA72C61}
	EndGlobalSection
EndGlobal
